<?xml version="1.0" encoding="utf-8"?>
<Project ToolsVersion="4.0" xmlns="http://schemas.microsoft.com/developer/msbuild/2003">
  <ItemGroup>
    <ClCompile Include="Main.cpp" />
    <ClCompile Include=".\SciDataParserGrid1.cpp">
      <Filter>MainState\Data Management\Parsers</Filter>
    </ClCompile>
    <ClCompile Include=".\SciDataParserCTD.cpp">
      <Filter>MainState\Data Management\Parsers</Filter>
    </ClCompile>
    <ClCompile Include=".\SciDataParserSimpleTXT.cpp">
      <Filter>MainState\Data Management\Parsers</Filter>
    </ClCompile>
    <ClCompile Include="CMainState.cpp">
      <Filter>MainState</Filter>
    </ClCompile>
    <ClCompile Include="CMainState.EventHandling.cpp">
      <Filter>MainState</Filter>
    </ClCompile>
    <ClCompile Include="CMainState.MouseTracking.cpp">
      <Filter>MainState</Filter>
    </ClCompile>
    <ClCompile Include="CTerrainSceneObject.cpp">
      <Filter>MainState\Terrain</Filter>
    </ClCompile>
    <ClCompile Include="CVolumeSceneObject.cpp">
      <Filter>MainState\Volume</Filter>
    </ClCompile>
    <ClCompile Include="CGUIManager.cpp">
      <Filter>Utilities\GUI</Filter>
    </ClCompile>
    <ClCompile Include="SciDataManager.GridValues.cpp">
      <Filter>MainState\Data Management</Filter>
    </ClCompile>
    <ClCompile Include="SciDataManager.Volume.cpp">
      <Filter>MainState\Data Management</Filter>
    </ClCompile>
    <ClCompile Include="SciDataManager.File.cpp">
      <Filter>MainState\Data Management</Filter>
    </ClCompile>
    <ClCompile Include="RBFInterpolator\newmat.cpp">
      <Filter>MainState\RBFInterpolator</Filter>
    </ClCompile>
    <ClCompile Include="RBFInterpolator\RBFInterpolator.cpp">
      <Filter>MainState\RBFInterpolator</Filter>
    </ClCompile>
    <ClCompile Include="SciData.cpp">
      <Filter>MainState\Data Management\Base Objects</Filter>
    </ClCompile>
    <ClCompile Include="CGUIContextWidget.cpp">
      <Filter>Utilities\GUI\Widgets</Filter>
    </ClCompile>
    <ClCompile Include="CGUIWidget.cpp">
      <Filter>Utilities\GUI\Widgets</Filter>
    </ClCompile>
    <ClCompile Include="CMainMenuState.cpp">
      <Filter>MainMenuState</Filter>
    </ClCompile>
    <ClCompile Include="CProgramContext.cpp">
      <Filter>Program Context</Filter>
    </ClCompile>
    <ClCompile Include="CGUIContext.cpp">
      <Filter>Program Context</Filter>
    </ClCompile>
    <ClCompile Include="CGUIMainMenuWidget.cpp">
      <Filter>Program Context\Widgets\Main Menu</Filter>
    </ClCompile>
    <ClCompile Include="CGUIControlPanelWidget.cpp">
      <Filter>Program Context\Widgets\Main State</Filter>
    </ClCompile>
    <ClCompile Include="CGUIGlyphControlWidget.cpp">
      <Filter>Program Context\Widgets\Main State</Filter>
    </ClCompile>
    <ClCompile Include="CGUISceneControlWidget.cpp">
      <Filter>Program Context\Widgets\Main State</Filter>
    </ClCompile>
    <ClCompile Include="CGUITerrainControlWidget.cpp">
      <Filter>Program Context\Widgets\Main State</Filter>
    </ClCompile>
    <ClCompile Include="CGUITitleLabelsWidget.cpp">
      <Filter>Program Context\Widgets\Main State</Filter>
    </ClCompile>
    <ClCompile Include="CGUIVolumeControlWidget.cpp">
      <Filter>Program Context\Widgets\Main State</Filter>
    </ClCompile>
    <ClCompile Include="CGUIConsoleWidget.cpp">
      <Filter>Program Context\Widgets\General</Filter>
    </ClCompile>
    <ClCompile Include="CGUILoadingWidget.cpp">
      <Filter>Program Context\Widgets\General</Filter>
    </ClCompile>
    <ClCompile Include="SciDataParserCSV.cpp">
      <Filter>MainState\Data Management\Parsers</Filter>
    </ClCompile>
    <ClCompile Include="CDataLoadingThread.cpp">
      <Filter>MainMenuState</Filter>
    </ClCompile>
    <ClCompile Include="CLoadState.cpp">
      <Filter>LoadState</Filter>
    </ClCompile>
    <ClCompile Include="CGlyphSceneObject.cpp">
      <Filter>MainState\Glyphs</Filter>
    </ClCompile>
    <ClCompile Include="Range.cpp">
      <Filter>MainState\Data Management\Base Objects</Filter>
    </ClCompile>
    <ClCompile Include="SciDataCollection.cpp">
      <Filter>MainState\Data Management\Base Objects</Filter>
    </ClCompile>
    <ClCompile Include="SciDataManager.cpp">
      <Filter>MainState\Data Management</Filter>
    </ClCompile>
    <ClCompile Include="CPlaneGridSceneObject.cpp">
      <Filter>MainState\Misc</Filter>
    </ClCompile>
    <ClCompile Include="SciDataParserPieSlices.cpp">
      <Filter>MainState\Data Management\Parsers</Filter>
    </ClCompile>
  </ItemGroup>
  <ItemGroup>
    <ClInclude Include="CMainState.h">
      <Filter>MainState</Filter>
    </ClInclude>
    <ClInclude Include="SciData.h">
      <Filter>MainState\Data Management\Base Objects</Filter>
    </ClInclude>
    <ClInclude Include="SciDataIterator.h">
      <Filter>MainState\Data Management\Base Objects</Filter>
    </ClInclude>
    <ClInclude Include="IColorMapper.h">
      <Filter>MainState\Data Management\Color Mapping</Filter>
    </ClInclude>
    <ClInclude Include="CRGBIntensityColorMapper.h">
      <Filter>MainState\Data Management\Color Mapping</Filter>
    </ClInclude>
    <ClInclude Include="ColorMappers.h">
      <Filter>MainState\Data Management\Color Mapping</Filter>
    </ClInclude>
    <ClInclude Include=".\CSingleFieldColorMapper.h">
      <Filter>MainState\Data Management\Color Mapping</Filter>
    </ClInclude>
    <ClInclude Include="ProgressPrinter.h">
      <Filter>Utilities</Filter>
    </ClInclude>
    <ClInclude Include="CSpectrumColorMapper.h">
      <Filter>MainState\Data Management\Color Mapping</Filter>
    </ClInclude>
    <ClInclude Include="CTerrainSceneObject.h">
      <Filter>MainState\Terrain</Filter>
    </ClInclude>
    <ClInclude Include="Libraries.h" />
    <ClInclude Include="CVolumeSceneObject.h">
      <Filter>MainState\Volume</Filter>
    </ClInclude>
    <ClInclude Include="CGUIManager.h">
      <Filter>Utilities\GUI</Filter>
    </ClInclude>
    <ClInclude Include="SciDataManager.h">
      <Filter>MainState\Data Management</Filter>
    </ClInclude>
    <ClInclude Include="RBFInterpolator\newmat.h">
      <Filter>MainState\RBFInterpolator</Filter>
    </ClInclude>
    <ClInclude Include="RBFInterpolator\RBFInterpolator.h">
      <Filter>MainState\RBFInterpolator</Filter>
    </ClInclude>
    <ClInclude Include="CGUIWidget.h">
      <Filter>Utilities\GUI\Widgets</Filter>
    </ClInclude>
    <ClInclude Include="CGUIContextWidget.h">
      <Filter>Utilities\GUI\Widgets</Filter>
    </ClInclude>
    <ClInclude Include="CMainMenuState.h">
      <Filter>MainMenuState</Filter>
    </ClInclude>
    <ClInclude Include="CProgramContext.h">
      <Filter>Program Context</Filter>
    </ClInclude>
    <ClInclude Include="ContourConverter.h">
      <Filter>Utilities</Filter>
    </ClInclude>
    <ClInclude Include="CGUIContext.h">
      <Filter>Program Context</Filter>
    </ClInclude>
    <ClInclude Include="CGUIMainMenuWidget.h">
      <Filter>Program Context\Widgets\Main Menu</Filter>
    </ClInclude>
    <ClInclude Include="CGUIVolumeControlWidget.h">
      <Filter>Program Context\Widgets\Main State</Filter>
    </ClInclude>
    <ClInclude Include="CGUIControlPanelWidget.h">
      <Filter>Program Context\Widgets\Main State</Filter>
    </ClInclude>
    <ClInclude Include="CGUIGlyphControlWidget.h">
      <Filter>Program Context\Widgets\Main State</Filter>
    </ClInclude>
    <ClInclude Include="CGUISceneControlWidget.h">
      <Filter>Program Context\Widgets\Main State</Filter>
    </ClInclude>
    <ClInclude Include="CGUITerrainControlWidget.h">
      <Filter>Program Context\Widgets\Main State</Filter>
    </ClInclude>
    <ClInclude Include="CGUITitleLabelsWidget.h">
      <Filter>Program Context\Widgets\Main State</Filter>
    </ClInclude>
    <ClInclude Include="CGUIConsoleWidget.h">
      <Filter>Program Context\Widgets\General</Filter>
    </ClInclude>
    <ClInclude Include="CGUILoadingWidget.h">
      <Filter>Program Context\Widgets\General</Filter>
    </ClInclude>
    <ClInclude Include="COxygenColorMapper.h">
      <Filter>MainState\Data Management\Color Mapping</Filter>
    </ClInclude>
    <ClInclude Include="CDataLoadingThread.h">
      <Filter>MainMenuState</Filter>
    </ClInclude>
    <ClInclude Include="CLoadState.h">
      <Filter>LoadState</Filter>
    </ClInclude>
    <ClInclude Include="CGlyphSceneObject.h">
      <Filter>MainState\Glyphs</Filter>
    </ClInclude>
    <ClInclude Include="Range.h">
      <Filter>MainState\Data Management\Base Objects</Filter>
    </ClInclude>
    <ClInclude Include="SciDataCollection.h">
      <Filter>MainState\Data Management\Base Objects</Filter>
    </ClInclude>
    <ClInclude Include="SciDataParser.h">
      <Filter>MainState\Data Management\Parsers</Filter>
    </ClInclude>
    <ClInclude Include="CPlaneGridSceneObject.h">
      <Filter>MainState\Misc</Filter>
    </ClInclude>
  </ItemGroup>
  <ItemGroup>
    <Filter Include="MainState">
      <UniqueIdentifier>{06d12b70-0519-4c87-922b-bfa1f96bac06}</UniqueIdentifier>
    </Filter>
    <Filter Include="Utilities">
      <UniqueIdentifier>{c5fafe06-1efa-415a-bd3a-d59efafe3cac}</UniqueIdentifier>
    </Filter>
    <Filter Include="MainState\Terrain">
      <UniqueIdentifier>{a4f68102-11cd-4453-81b7-0a605414752b}</UniqueIdentifier>
    </Filter>
    <Filter Include="MainState\Volume">
      <UniqueIdentifier>{33cba1aa-9e33-457c-912a-78dab6c782db}</UniqueIdentifier>
    </Filter>
    <Filter Include="MainState\Data Management">
      <UniqueIdentifier>{015f304c-d126-40d8-8034-ca7d06cd4ff3}</UniqueIdentifier>
    </Filter>
    <Filter Include="MainState\Data Management\Parsers">
      <UniqueIdentifier>{39c602da-763b-40fc-9eeb-1fd7df570632}</UniqueIdentifier>
    </Filter>
    <Filter Include="MainState\Data Management\Base Objects">
      <UniqueIdentifier>{91f5d56d-29df-4cbf-8e61-de1d3fa7f9df}</UniqueIdentifier>
    </Filter>
    <Filter Include="MainState\Data Management\Color Mapping">
      <UniqueIdentifier>{85018b9c-10cf-4a50-81b5-fdae04b04d76}</UniqueIdentifier>
    </Filter>
    <Filter Include="MainState\RBFInterpolator">
      <UniqueIdentifier>{b020b00f-9710-43b6-a8a2-ea0d2483664b}</UniqueIdentifier>
    </Filter>
    <Filter Include="MainMenuState">
      <UniqueIdentifier>{ab5d3775-8246-4053-8366-bb5e9bb50420}</UniqueIdentifier>
    </Filter>
    <Filter Include="Program Context">
      <UniqueIdentifier>{621c01a1-e404-419c-9931-35d3cd1bc3fa}</UniqueIdentifier>
    </Filter>
    <Filter Include="Utilities\GUI">
      <UniqueIdentifier>{e2f73951-6082-4d3a-bcd6-3f07b8ec41d4}</UniqueIdentifier>
    </Filter>
    <Filter Include="Program Context\Widgets">
      <UniqueIdentifier>{69559bbe-9f50-47e8-809c-55d622e1b426}</UniqueIdentifier>
    </Filter>
    <Filter Include="Utilities\GUI\Widgets">
      <UniqueIdentifier>{e6e9fb75-ed02-4c48-a34c-0a27f63cd1a7}</UniqueIdentifier>
    </Filter>
    <Filter Include="Program Context\Widgets\Main Menu">
      <UniqueIdentifier>{7ed6a85c-9651-4d88-99fd-87f8f6d6947c}</UniqueIdentifier>
    </Filter>
    <Filter Include="Program Context\Widgets\Main State">
      <UniqueIdentifier>{1a142d81-4987-4603-9bb6-3734c174c09e}</UniqueIdentifier>
    </Filter>
    <Filter Include="Program Context\Widgets\General">
      <UniqueIdentifier>{1c6e5b8c-9a45-4dcd-86e0-2488a8c1db8e}</UniqueIdentifier>
    </Filter>
    <Filter Include="LoadState">
      <UniqueIdentifier>{00619c69-b650-43a9-8d5f-0f1ceedc408e}</UniqueIdentifier>
    </Filter>
    <Filter Include="MainState\Glyphs">
      <UniqueIdentifier>{4cc29f91-8652-44ca-9c0d-899dda15b4a7}</UniqueIdentifier>
    </Filter>
    <Filter Include="MainState\Misc">
      <UniqueIdentifier>{1b24f862-be43-46c5-b48e-88de64b4c1c5}</UniqueIdentifier>
    </Filter>
  </ItemGroup>
</Project>