<?xml version="1.0" encoding="utf-8"?>
<Project ToolsVersion="4.0" xmlns="http://schemas.microsoft.com/developer/msbuild/2003">
  <ItemGroup>
    <ClCompile Include="Main.cpp" />
    <ClCompile Include=".\SciDataParserGrid1.cpp">
      <Filter>MainState\Data Management\Parsers</Filter>
    </ClCompile>
    <ClCompile Include=".\SciDataParserCTD.cpp">
      <Filter>MainState\Data Management\Parsers</Filter>
    </ClCompile>
    <ClCompile Include=".\SciDataParserSimpleTXT.cpp">
      <Filter>MainState\Data Management\Parsers</Filter>
    </ClCompile>
    <ClCompile Include="CMainState.cpp">
      <Filter>MainState</Filter>
    </ClCompile>
    <ClCompile Include="CMainState.EventHandling.cpp">
      <Filter>MainState</Filter>
    </ClCompile>
    <ClCompile Include="CMainState.MouseTracking.cpp">
      <Filter>MainState</Filter>
    </ClCompile>
    <ClCompile Include="SciDataSet.cpp">
      <Filter>MainState\Data Management\Base Objects</Filter>
    </ClCompile>
    <ClCompile Include="SciDataTree.cpp">
      <Filter>MainState\Data Management\Base Objects</Filter>
    </ClCompile>
    <ClCompile Include="CTerrainSceneObject.cpp">
      <Filter>MainState\Terrain</Filter>
    </ClCompile>
    <ClCompile Include="CVolumeSceneObject.cpp">
      <Filter>MainState\Volume</Filter>
    </ClCompile>
    <ClCompile Include="CGUIManager.cpp">
      <Filter>GUI</Filter>
    </ClCompile>
    <ClCompile Include="CGwenEventForwarder.cpp">
      <Filter>GUI</Filter>
    </ClCompile>
    <ClCompile Include="CProgramContext.cpp" />
    <ClCompile Include="CLoadContext.cpp">
      <Filter>LoadContext</Filter>
    </ClCompile>
    <ClCompile Include="CLoadContext.DataLoading.cpp">
      <Filter>LoadContext</Filter>
    </ClCompile>
    <ClCompile Include="SciDataManager.GridValues.cpp">
      <Filter>MainState\Data Management</Filter>
    </ClCompile>
    <ClCompile Include="SciDataManager.PointCloud.cpp">
      <Filter>MainState\Data Management</Filter>
    </ClCompile>
    <ClCompile Include="SciDataManager.Tree.cpp">
      <Filter>MainState\Data Management</Filter>
    </ClCompile>
    <ClCompile Include="SciDataManager.Volume.cpp">
      <Filter>MainState\Data Management</Filter>
    </ClCompile>
    <ClCompile Include="SciDataManager.File.cpp">
      <Filter>MainState\Data Management</Filter>
    </ClCompile>
    <ClCompile Include="CGUIContext.cpp">
      <Filter>GUI</Filter>
    </ClCompile>
    <ClCompile Include="CGUIConsoleWidget.cpp">
      <Filter>GUI\Widgets</Filter>
    </ClCompile>
    <ClCompile Include="CGUITitleLabelsWidget.cpp">
      <Filter>GUI\Widgets</Filter>
    </ClCompile>
    <ClCompile Include="CGUIVolumeControlWidget.cpp">
      <Filter>GUI\Widgets</Filter>
    </ClCompile>
    <ClCompile Include="CGUIGlyphControlWidget.cpp">
      <Filter>GUI\Widgets</Filter>
    </ClCompile>
    <ClCompile Include="CGUITerrainControlWidget.cpp">
      <Filter>GUI\Widgets</Filter>
    </ClCompile>
    <ClCompile Include="CGUIControlPanelWidget.cpp">
      <Filter>GUI\Widgets</Filter>
    </ClCompile>
    <ClCompile Include="RBFInterpolator\newmat.cpp">
      <Filter>MainState\RBFInterpolator</Filter>
    </ClCompile>
    <ClCompile Include="RBFInterpolator\RBFInterpolator.cpp">
      <Filter>MainState\RBFInterpolator</Filter>
    </ClCompile>
    <ClCompile Include="CGUISceneControlWidget.cpp">
      <Filter>GUI\Widgets</Filter>
    </ClCompile>
    <ClCompile Include="SciData.cpp">
      <Filter>MainState\Data Management\Base Objects</Filter>
    </ClCompile>
    <ClCompile Include="CGUIContextWidget.cpp">
      <Filter>GUI\Widgets\Base</Filter>
    </ClCompile>
    <ClCompile Include="CGUIWidget.cpp">
      <Filter>GUI\Widgets\Base</Filter>
    </ClCompile>
    <ClCompile Include="CMainMenuState.cpp">
      <Filter>MainMenuState</Filter>
    </ClCompile>
    <ClCompile Include="CGUIMainMenuWidget.cpp">
      <Filter>GUI\Widgets</Filter>
    </ClCompile>
  </ItemGroup>
  <ItemGroup>
    <ClInclude Include="CMainState.h">
      <Filter>MainState</Filter>
    </ClInclude>
    <ClInclude Include="CGwenEventForwarder.h">
      <Filter>GUI</Filter>
    </ClInclude>
    <ClInclude Include="SciDataSet.h">
      <Filter>MainState\Data Management\Base Objects</Filter>
    </ClInclude>
    <ClInclude Include="SciData.h">
      <Filter>MainState\Data Management\Base Objects</Filter>
    </ClInclude>
    <ClInclude Include="SciDataIterator.h">
      <Filter>MainState\Data Management\Base Objects</Filter>
    </ClInclude>
    <ClInclude Include="SciDataTree.h">
      <Filter>MainState\Data Management\Base Objects</Filter>
    </ClInclude>
    <ClInclude Include="IColorMapper.h">
      <Filter>MainState\Data Management\Color Mapping</Filter>
    </ClInclude>
    <ClInclude Include="CRGBIntensityColorMapper.h">
      <Filter>MainState\Data Management\Color Mapping</Filter>
    </ClInclude>
    <ClInclude Include="COxygenColorMapper.h">
      <Filter>MainState\Data Management\Color Mapping\Oxygen</Filter>
    </ClInclude>
    <ClInclude Include="ColorMappers.h">
      <Filter>MainState\Data Management\Color Mapping</Filter>
    </ClInclude>
    <ClInclude Include=".\CSingleFieldColorMapper.h">
      <Filter>MainState\Data Management\Color Mapping</Filter>
    </ClInclude>
    <ClInclude Include="ProgressPrinter.h">
      <Filter>Utilities</Filter>
    </ClInclude>
    <ClInclude Include="CSpectrumColorMapper.h">
      <Filter>MainState\Data Management\Color Mapping</Filter>
    </ClInclude>
    <ClInclude Include="CTerrainSceneObject.h">
      <Filter>MainState\Terrain</Filter>
    </ClInclude>
    <ClInclude Include="Libraries.h" />
    <ClInclude Include="CVolumeSceneObject.h">
      <Filter>MainState\Volume</Filter>
    </ClInclude>
    <ClInclude Include="CGUIManager.h">
      <Filter>GUI</Filter>
    </ClInclude>
    <ClInclude Include="ContourConverter.h" />
    <ClInclude Include="CProgramContext.h" />
    <ClInclude Include="CLoadContext.h">
      <Filter>LoadContext</Filter>
    </ClInclude>
    <ClInclude Include="SciDataManager.h">
      <Filter>MainState\Data Management</Filter>
    </ClInclude>
    <ClInclude Include="CGUIContext.h">
      <Filter>GUI</Filter>
    </ClInclude>
    <ClInclude Include="CGUIConsoleWidget.h">
      <Filter>GUI\Widgets</Filter>
    </ClInclude>
    <ClInclude Include="CGUITitleLabelsWidget.h">
      <Filter>GUI\Widgets</Filter>
    </ClInclude>
    <ClInclude Include="CGUIVolumeControlWidget.h">
      <Filter>GUI\Widgets</Filter>
    </ClInclude>
    <ClInclude Include="CGUIGlyphControlWidget.h">
      <Filter>GUI\Widgets</Filter>
    </ClInclude>
    <ClInclude Include="CGUITerrainControlWidget.h">
      <Filter>GUI\Widgets</Filter>
    </ClInclude>
    <ClInclude Include="CGUIControlPanelWidget.h">
      <Filter>GUI\Widgets</Filter>
    </ClInclude>
    <ClInclude Include="RBFInterpolator\newmat.h">
      <Filter>MainState\RBFInterpolator</Filter>
    </ClInclude>
    <ClInclude Include="RBFInterpolator\RBFInterpolator.h">
      <Filter>MainState\RBFInterpolator</Filter>
    </ClInclude>
    <ClInclude Include="CGUISceneControlWidget.h">
      <Filter>GUI\Widgets</Filter>
    </ClInclude>
    <ClInclude Include="CGUIWidget.h">
      <Filter>GUI\Widgets\Base</Filter>
    </ClInclude>
    <ClInclude Include="CGUIContextWidget.h">
      <Filter>GUI\Widgets\Base</Filter>
    </ClInclude>
    <ClInclude Include="CMainMenuState.h">
      <Filter>MainMenuState</Filter>
    </ClInclude>
    <ClInclude Include="CGUIMainMenuWidget.h">
      <Filter>GUI\Widgets</Filter>
    </ClInclude>
  </ItemGroup>
  <ItemGroup>
    <Filter Include="MainState">
      <UniqueIdentifier>{06d12b70-0519-4c87-922b-bfa1f96bac06}</UniqueIdentifier>
    </Filter>
    <Filter Include="Utilities">
      <UniqueIdentifier>{c5fafe06-1efa-415a-bd3a-d59efafe3cac}</UniqueIdentifier>
    </Filter>
    <Filter Include="MainState\Terrain">
      <UniqueIdentifier>{a4f68102-11cd-4453-81b7-0a605414752b}</UniqueIdentifier>
    </Filter>
    <Filter Include="MainState\Volume">
      <UniqueIdentifier>{33cba1aa-9e33-457c-912a-78dab6c782db}</UniqueIdentifier>
    </Filter>
    <Filter Include="GUI">
      <UniqueIdentifier>{e2f73951-6082-4d3a-bcd6-3f07b8ec41d4}</UniqueIdentifier>
    </Filter>
    <Filter Include="MainState\Data Management">
      <UniqueIdentifier>{015f304c-d126-40d8-8034-ca7d06cd4ff3}</UniqueIdentifier>
    </Filter>
    <Filter Include="MainState\Data Management\Parsers">
      <UniqueIdentifier>{39c602da-763b-40fc-9eeb-1fd7df570632}</UniqueIdentifier>
    </Filter>
    <Filter Include="MainState\Data Management\Base Objects">
      <UniqueIdentifier>{91f5d56d-29df-4cbf-8e61-de1d3fa7f9df}</UniqueIdentifier>
    </Filter>
    <Filter Include="MainState\Data Management\Color Mapping">
      <UniqueIdentifier>{85018b9c-10cf-4a50-81b5-fdae04b04d76}</UniqueIdentifier>
    </Filter>
    <Filter Include="MainState\Data Management\Color Mapping\Oxygen">
      <UniqueIdentifier>{303188e5-c275-4776-b1bf-65a8d73d632b}</UniqueIdentifier>
    </Filter>
    <Filter Include="LoadContext">
      <UniqueIdentifier>{00619c69-b650-43a9-8d5f-0f1ceedc408e}</UniqueIdentifier>
    </Filter>
    <Filter Include="MainState\RBFInterpolator">
      <UniqueIdentifier>{b020b00f-9710-43b6-a8a2-ea0d2483664b}</UniqueIdentifier>
    </Filter>
    <Filter Include="MainMenuState">
      <UniqueIdentifier>{ab5d3775-8246-4053-8366-bb5e9bb50420}</UniqueIdentifier>
    </Filter>
    <Filter Include="GUI\Widgets">
      <UniqueIdentifier>{69559bbe-9f50-47e8-809c-55d622e1b426}</UniqueIdentifier>
    </Filter>
    <Filter Include="GUI\Widgets\Base">
      <UniqueIdentifier>{e6e9fb75-ed02-4c48-a34c-0a27f63cd1a7}</UniqueIdentifier>
    </Filter>
  </ItemGroup>
</Project>