<?xml version="1.0" encoding="utf-8"?>
<Project ToolsVersion="4.0" xmlns="http://schemas.microsoft.com/developer/msbuild/2003">
  <ItemGroup>
    <ClCompile Include="Main.cpp" />
    <ClCompile Include="CMainState.InitFunctions.cpp" />
    <ClCompile Include="CMainState.cpp" />
    <ClCompile Include="CMainState.MouseTracking.cpp" />
    <ClCompile Include="CMainState.EventHandling.cpp" />
    <ClCompile Include="CMainState.DataLoading.cpp" />
    <ClCompile Include="SciDataParser.MATGridParse.cpp">
      <Filter>Data Management</Filter>
    </ClCompile>
    <ClCompile Include="SciDataParser.MATParse.cpp">
      <Filter>Data Management</Filter>
    </ClCompile>
    <ClCompile Include=".\SciDataParser.TXTParse.cpp">
      <Filter>Data Management</Filter>
    </ClCompile>
  </ItemGroup>
  <ItemGroup>
    <ClInclude Include="CMainState.h" />
    <ClInclude Include="CGwenEventForwarder.h" />
    <ClInclude Include="SciData.h">
      <Filter>Data Management</Filter>
    </ClInclude>
    <ClInclude Include="SciDataParser.h">
      <Filter>Data Management</Filter>
    </ClInclude>
    <ClInclude Include="SciDataIterator.h">
      <Filter>Data Management</Filter>
    </ClInclude>
    <ClInclude Include="SciDataSet.h">
      <Filter>Data Management</Filter>
    </ClInclude>
    <ClInclude Include="SciDataTree.h">
      <Filter>Data Management</Filter>
    </ClInclude>
  </ItemGroup>
  <ItemGroup>
    <Filter Include="Data Management">
      <UniqueIdentifier>{015f304c-d126-40d8-8034-ca7d06cd4ff3}</UniqueIdentifier>
    </Filter>
  </ItemGroup>
</Project>