<?xml version="1.0" encoding="utf-8"?>
<Project ToolsVersion="4.0" xmlns="http://schemas.microsoft.com/developer/msbuild/2003">
  <ItemGroup>
    <ClCompile Include="Main.cpp" />
    <ClCompile Include="CabbageFramework\CApplication.cpp">
      <Filter>CabbageFramework</Filter>
    </ClCompile>
    <ClCompile Include="CabbageFramework\CCameraControl.cpp">
      <Filter>CabbageFramework</Filter>
    </ClCompile>
    <ClCompile Include="CabbageFramework\CEventManager.cpp">
      <Filter>CabbageFramework</Filter>
    </ClCompile>
    <ClCompile Include="CabbageFramework\COrthoCamera.cpp">
      <Filter>CabbageFramework</Filter>
    </ClCompile>
    <ClCompile Include="CabbageFramework\CStateManager.cpp">
      <Filter>CabbageFramework</Filter>
    </ClCompile>
    <ClCompile Include="CabbageScene\CCamera.cpp">
      <Filter>CabbageScene</Filter>
    </ClCompile>
    <ClCompile Include="CabbageScene\CImage.cpp">
      <Filter>CabbageScene</Filter>
    </ClCompile>
    <ClCompile Include="CabbageScene\CImageLoader.cpp">
      <Filter>CabbageScene</Filter>
    </ClCompile>
    <ClCompile Include="CabbageScene\CMaterial.cpp">
      <Filter>CabbageScene</Filter>
    </ClCompile>
    <ClCompile Include="CabbageScene\CMesh.cpp">
      <Filter>CabbageScene</Filter>
    </ClCompile>
    <ClCompile Include="CabbageScene\CMeshLoader.cpp">
      <Filter>CabbageScene</Filter>
    </ClCompile>
    <ClCompile Include="CabbageScene\CMeshSceneObject.cpp">
      <Filter>CabbageScene</Filter>
    </ClCompile>
    <ClCompile Include="CabbageScene\CRenderable.cpp">
      <Filter>CabbageScene</Filter>
    </ClCompile>
    <ClCompile Include="CabbageScene\CSceneManager.cpp">
      <Filter>CabbageScene</Filter>
    </ClCompile>
    <ClCompile Include="CabbageScene\CSceneObject.cpp">
      <Filter>CabbageScene</Filter>
    </ClCompile>
    <ClCompile Include="CabbageScene\CShader.cpp">
      <Filter>CabbageScene</Filter>
    </ClCompile>
    <ClCompile Include="CabbageScene\CShaderContext.cpp">
      <Filter>CabbageScene</Filter>
    </ClCompile>
    <ClCompile Include="CabbageScene\CShaderLoader.cpp">
      <Filter>CabbageScene</Filter>
    </ClCompile>
    <ClCompile Include="CabbageScene\CTexture.cpp">
      <Filter>CabbageScene</Filter>
    </ClCompile>
    <ClCompile Include="CabbageScene\ISceneObject.cpp">
      <Filter>CabbageScene</Filter>
    </ClCompile>
    <ClCompile Include="CabbageScene\ImageLoaders\Texture.cpp">
      <Filter>CabbageScene\ImageLoaders</Filter>
    </ClCompile>
    <ClCompile Include="SciDataParser.cpp" />
    <ClCompile Include="CMainState.InitFunctions.cpp" />
    <ClCompile Include="CMainState.cpp" />
    <ClCompile Include="CMainState.MouseTracking.cpp" />
    <ClCompile Include="CMainState.EventHandling.cpp" />
    <ClCompile Include="CMainState.DataLoading.cpp" />
    <ClCompile Include="CMainState.MatParser.cpp" />
  </ItemGroup>
  <ItemGroup>
    <Filter Include="CabbageScene">
      <UniqueIdentifier>{94b7bb41-6d1b-4ba6-bd8e-4b7c51488a66}</UniqueIdentifier>
    </Filter>
    <Filter Include="CabbageCore">
      <UniqueIdentifier>{187ad6b1-bfc5-4cc2-b5d2-2494fd89fa9c}</UniqueIdentifier>
    </Filter>
    <Filter Include="CabbageFramework">
      <UniqueIdentifier>{7dc683a3-0c92-4d1b-8a61-c5ce5437a36a}</UniqueIdentifier>
    </Filter>
    <Filter Include="CabbageScene\ImageLoaders">
      <UniqueIdentifier>{7065b8c8-6fba-4f69-9c84-e0119a793cee}</UniqueIdentifier>
    </Filter>
  </ItemGroup>
  <ItemGroup>
    <ClInclude Include="CabbageFramework\CabbageFramework.h">
      <Filter>CabbageFramework</Filter>
    </ClInclude>
    <ClInclude Include="CabbageFramework\CApplication.h">
      <Filter>CabbageFramework</Filter>
    </ClInclude>
    <ClInclude Include="CabbageFramework\CCameraControl.h">
      <Filter>CabbageFramework</Filter>
    </ClInclude>
    <ClInclude Include="CabbageFramework\CEventManager.h">
      <Filter>CabbageFramework</Filter>
    </ClInclude>
    <ClInclude Include="CabbageFramework\COrthoCamera.h">
      <Filter>CabbageFramework</Filter>
    </ClInclude>
    <ClInclude Include="CabbageFramework\CStateManager.h">
      <Filter>CabbageFramework</Filter>
    </ClInclude>
    <ClInclude Include="CabbageCore\CabbageCore.h">
      <Filter>CabbageCore</Filter>
    </ClInclude>
    <ClInclude Include="CabbageCore\SBoundingBox3.h">
      <Filter>CabbageCore</Filter>
    </ClInclude>
    <ClInclude Include="CabbageCore\SColor.h">
      <Filter>CabbageCore</Filter>
    </ClInclude>
    <ClInclude Include="CabbageCore\SLine3.h">
      <Filter>CabbageCore</Filter>
    </ClInclude>
    <ClInclude Include="CabbageCore\SPosition2.h">
      <Filter>CabbageCore</Filter>
    </ClInclude>
    <ClInclude Include="CabbageCore\SRect2.h">
      <Filter>CabbageCore</Filter>
    </ClInclude>
    <ClInclude Include="CabbageCore\SSize2.h">
      <Filter>CabbageCore</Filter>
    </ClInclude>
    <ClInclude Include="CabbageCore\STransformation3.h">
      <Filter>CabbageCore</Filter>
    </ClInclude>
    <ClInclude Include="CabbageCore\SVector2.h">
      <Filter>CabbageCore</Filter>
    </ClInclude>
    <ClInclude Include="CabbageCore\SVector3.h">
      <Filter>CabbageCore</Filter>
    </ClInclude>
    <ClInclude Include="CabbageCore\Utils.h">
      <Filter>CabbageCore</Filter>
    </ClInclude>
    <ClInclude Include="CabbageScene\CabbageScene.h">
      <Filter>CabbageScene</Filter>
    </ClInclude>
    <ClInclude Include="CabbageScene\CBufferObject.h">
      <Filter>CabbageScene</Filter>
    </ClInclude>
    <ClInclude Include="CabbageScene\CCamera.h">
      <Filter>CabbageScene</Filter>
    </ClInclude>
    <ClInclude Include="CabbageScene\CImage.h">
      <Filter>CabbageScene</Filter>
    </ClInclude>
    <ClInclude Include="CabbageScene\CImageLoader.h">
      <Filter>CabbageScene</Filter>
    </ClInclude>
    <ClInclude Include="CabbageScene\CMaterial.h">
      <Filter>CabbageScene</Filter>
    </ClInclude>
    <ClInclude Include="CabbageScene\CMesh.h">
      <Filter>CabbageScene</Filter>
    </ClInclude>
    <ClInclude Include="CabbageScene\CMeshLoader.h">
      <Filter>CabbageScene</Filter>
    </ClInclude>
    <ClInclude Include="CabbageScene\CMeshSceneObject.h">
      <Filter>CabbageScene</Filter>
    </ClInclude>
    <ClInclude Include="CabbageScene\CRenderable.h">
      <Filter>CabbageScene</Filter>
    </ClInclude>
    <ClInclude Include="CabbageScene\CSceneManager.h">
      <Filter>CabbageScene</Filter>
    </ClInclude>
    <ClInclude Include="CabbageScene\CSceneObject.h">
      <Filter>CabbageScene</Filter>
    </ClInclude>
    <ClInclude Include="CabbageScene\CShader.h">
      <Filter>CabbageScene</Filter>
    </ClInclude>
    <ClInclude Include="CabbageScene\CShaderContext.h">
      <Filter>CabbageScene</Filter>
    </ClInclude>
    <ClInclude Include="CabbageScene\CShaderLoader.h">
      <Filter>CabbageScene</Filter>
    </ClInclude>
    <ClInclude Include="CabbageScene\CTexture.h">
      <Filter>CabbageScene</Filter>
    </ClInclude>
    <ClInclude Include="CabbageScene\CTextureLoader.h">
      <Filter>CabbageScene</Filter>
    </ClInclude>
    <ClInclude Include="CabbageScene\ISceneObject.h">
      <Filter>CabbageScene</Filter>
    </ClInclude>
    <ClInclude Include="CabbageScene\SAttribute.h">
      <Filter>CabbageScene</Filter>
    </ClInclude>
    <ClInclude Include="CabbageScene\SUniform.h">
      <Filter>CabbageScene</Filter>
    </ClInclude>
    <ClInclude Include="CabbageScene\SVertex.h">
      <Filter>CabbageScene</Filter>
    </ClInclude>
    <ClInclude Include="CabbageScene\ImageLoaders\Texture.h">
      <Filter>CabbageScene\ImageLoaders</Filter>
    </ClInclude>
    <ClInclude Include="SciData.h" />
    <ClInclude Include="SciDataParser.h" />
    <ClInclude Include="CMainState.h" />
  </ItemGroup>
</Project>